
Microsoft Visual Studio Solution File, Format Version 12.00
# Visual Studio 2015
Project("{FAE04EC0-301F-11D3-BF4B-00C04F79EFBC}") = "CityBuilderToUnityTest", "CityBuilderToUnityTest.csproj", "{9E923E05-12CE-6CDC-A654-77AE493F4710}"
EndProject
Project("{FAE04EC0-301F-11D3-BF4B-00C04F79EFBC}") = "CityBuilderToUnityTest.Editor", "CityBuilderToUnityTest.Editor.csproj", "{800E8A5A-47CE-5FA9-81AA-C0324ACF8215}"
EndProject
Global
	GlobalSection(SolutionConfigurationPlatforms) = preSolution
		Debug|Any CPU = Debug|Any CPU
		Release|Any CPU = Release|Any CPU
	EndGlobalSection
	GlobalSection(ProjectConfigurationPlatforms) = postSolution
		{9E923E05-12CE-6CDC-A654-77AE493F4710}.Debug|Any CPU.ActiveCfg = Debug|Any CPU
		{9E923E05-12CE-6CDC-A654-77AE493F4710}.Debug|Any CPU.Build.0 = Debug|Any CPU
		{9E923E05-12CE-6CDC-A654-77AE493F4710}.Release|Any CPU.ActiveCfg = Release|Any CPU
		{9E923E05-12CE-6CDC-A654-77AE493F4710}.Release|Any CPU.Build.0 = Release|Any CPU
		{800E8A5A-47CE-5FA9-81AA-C0324ACF8215}.Debug|Any CPU.ActiveCfg = Debug|Any CPU
		{800E8A5A-47CE-5FA9-81AA-C0324ACF8215}.Debug|Any CPU.Build.0 = Debug|Any CPU
		{800E8A5A-47CE-5FA9-81AA-C0324ACF8215}.Release|Any CPU.ActiveCfg = Release|Any CPU
		{800E8A5A-47CE-5FA9-81AA-C0324ACF8215}.Release|Any CPU.Build.0 = Release|Any CPU
	EndGlobalSection
	GlobalSection(SolutionProperties) = preSolution
		HideSolutionNode = FALSE
	EndGlobalSection
EndGlobal
